
Microsoft Visual Studio Solution File, Format Version 12.00
# Visual Studio 2013
VisualStudioVersion = 12.0.21005.1
MinimumVisualStudioVersion = 10.0.40219.1
Project("{FAE04EC0-301F-11D3-BF4B-00C04F79EFBC}") = "LAMP_MigrateAssistant", "LAMP_MigrateAssistant\LAMP_MigrateAssistant.csproj", "{9A79335F-A17C-4537-8EAA-321B643064A2}"
EndProject
Project("{FAE04EC0-301F-11D3-BF4B-00C04F79EFBC}") = "ARMClient.Authentication", "ARMClient.Authentication\ARMClient.Authentication.csproj", "{2824485E-0EAD-4F72-B897-FFDAFF346528}"
EndProject
Global
	GlobalSection(TeamFoundationVersionControl) = preSolution
		SccNumberOfProjects = 3
		SccEnterpriseProvider = {4CA58AB2-18FA-4F8D-95D4-32DDF27D184C}
		SccTeamFoundationServer = https://adamus7.visualstudio.com/defaultcollection
		SccLocalPath0 = .
		SccProjectUniqueName1 = ARMClient.Authentication\\ARMClient.Authentication.csproj
		SccProjectName1 = ARMClient.Authentication
		SccLocalPath1 = ARMClient.Authentication
		SccProjectUniqueName2 = LAMP_MigrateAssistant\\LAMP_MigrateAssistant.csproj
		SccProjectName2 = LAMP_MigrateAssistant
		SccLocalPath2 = LAMP_MigrateAssistant
	EndGlobalSection
	GlobalSection(SolutionConfigurationPlatforms) = preSolution
		Debug|Any CPU = Debug|Any CPU
		Release|Any CPU = Release|Any CPU
	EndGlobalSection
	GlobalSection(ProjectConfigurationPlatforms) = postSolution
		{9A79335F-A17C-4537-8EAA-321B643064A2}.Debug|Any CPU.ActiveCfg = Debug|Any CPU
		{9A79335F-A17C-4537-8EAA-321B643064A2}.Debug|Any CPU.Build.0 = Debug|Any CPU
		{9A79335F-A17C-4537-8EAA-321B643064A2}.Release|Any CPU.ActiveCfg = Release|Any CPU
		{9A79335F-A17C-4537-8EAA-321B643064A2}.Release|Any CPU.Build.0 = Release|Any CPU
		{2824485E-0EAD-4F72-B897-FFDAFF346528}.Debug|Any CPU.ActiveCfg = Debug|Any CPU
		{2824485E-0EAD-4F72-B897-FFDAFF346528}.Debug|Any CPU.Build.0 = Debug|Any CPU
		{2824485E-0EAD-4F72-B897-FFDAFF346528}.Release|Any CPU.ActiveCfg = Release|Any CPU
		{2824485E-0EAD-4F72-B897-FFDAFF346528}.Release|Any CPU.Build.0 = Release|Any CPU
	EndGlobalSection
	GlobalSection(SolutionProperties) = preSolution
		HideSolutionNode = FALSE
	EndGlobalSection
EndGlobal
